// !$*UTF8*$!
{
	archiveVersion = 1;
	classes = {
	};
	objectVersion = 46;
	objects = {

/* Begin PBXBuildFile section */
		B15953861BDF695E0022E149 /* main.m in Sources */ = {isa = PBXBuildFile; fileRef = B15953851BDF695E0022E149 /* main.m */; };
		B15953891BDF695E0022E149 /* AppDelegate.m in Sources */ = {isa = PBXBuildFile; fileRef = B15953881BDF695E0022E149 /* AppDelegate.m */; };
		B159538C1BDF695E0022E149 /* ViewController.m in Sources */ = {isa = PBXBuildFile; fileRef = B159538B1BDF695E0022E149 /* ViewController.m */; };
		B159538F1BDF695E0022E149 /* Main.storyboard in Resources */ = {isa = PBXBuildFile; fileRef = B159538D1BDF695E0022E149 /* Main.storyboard */; };
		B15953911BDF695E0022E149 /* Images.xcassets in Resources */ = {isa = PBXBuildFile; fileRef = B15953901BDF695E0022E149 /* Images.xcassets */; };
		B15953941BDF695E0022E149 /* LaunchScreen.xib in Resources */ = {isa = PBXBuildFile; fileRef = B15953921BDF695E0022E149 /* LaunchScreen.xib */; };
		B15953A01BDF695E0022E149 /* Crazy8Tests.m in Sources */ = {isa = PBXBuildFile; fileRef = B159539F1BDF695E0022E149 /* Crazy8Tests.m */; };
/* End PBXBuildFile section */

/* Begin PBXContainerItemProxy section */
		B159539A1BDF695E0022E149 /* PBXContainerItemProxy */ = {
			isa = PBXContainerItemProxy;
			containerPortal = B15953781BDF695E0022E149 /* Project object */;
			proxyType = 1;
			remoteGlobalIDString = B159537F1BDF695E0022E149;
			remoteInfo = Crazy8;
		};
/* End PBXContainerItemProxy section */

/* Begin PBXFileReference section */
		B15953801BDF695E0022E149 /* Crazy8.app */ = {isa = PBXFileReference; explicitFileType = wrapper.application; includeInIndex = 0; path = Crazy8.app; sourceTree = BUILT_PRODUCTS_DIR; };
		B15953841BDF695E0022E149 /* Info.plist */ = {isa = PBXFileReference; lastKnownFileType = text.plist.xml; path = Info.plist; sourceTree = "<group>"; };
		B15953851BDF695E0022E149 /* main.m */ = {isa = PBXFileReference; lastKnownFileType = sourcecode.c.objc; path = main.m; sourceTree = "<group>"; };
		B15953871BDF695E0022E149 /* AppDelegate.h */ = {isa = PBXFileReference; lastKnownFileType = sourcecode.c.h; path = AppDelegate.h; sourceTree = "<group>"; };
		B15953881BDF695E0022E149 /* AppDelegate.m */ = {isa = PBXFileReference; lastKnownFileType = sourcecode.c.objc; path = AppDelegate.m; sourceTree = "<group>"; };
		B159538A1BDF695E0022E149 /* ViewController.h */ = {isa = PBXFileReference; lastKnownFileType = sourcecode.c.h; path = ViewController.h; sourceTree = "<group>"; };
		B159538B1BDF695E0022E149 /* ViewController.m */ = {isa = PBXFileReference; lastKnownFileType = sourcecode.c.objc; path = ViewController.m; sourceTree = "<group>"; };
		B159538E1BDF695E0022E149 /* Base */ = {isa = PBXFileReference; lastKnownFileType = file.storyboard; name = Base; path = Base.lproj/Main.storyboard; sourceTree = "<group>"; };
		B15953901BDF695E0022E149 /* Images.xcassets */ = {isa = PBXFileReference; lastKnownFileType = folder.assetcatalog; path = Images.xcassets; sourceTree = "<group>"; };
		B15953931BDF695E0022E149 /* Base */ = {isa = PBXFileReference; lastKnownFileType = file.xib; name = Base; path = Base.lproj/LaunchScreen.xib; sourceTree = "<group>"; };
		B15953991BDF695E0022E149 /* Crazy8Tests.xctest */ = {isa = PBXFileReference; explicitFileType = wrapper.cfbundle; includeInIndex = 0; path = Crazy8Tests.xctest; sourceTree = BUILT_PRODUCTS_DIR; };
		B159539E1BDF695E0022E149 /* Info.plist */ = {isa = PBXFileReference; lastKnownFileType = text.plist.xml; path = Info.plist; sourceTree = "<group>"; };
		B159539F1BDF695E0022E149 /* Crazy8Tests.m */ = {isa = PBXFileReference; lastKnownFileType = sourcecode.c.objc; path = Crazy8Tests.m; sourceTree = "<group>"; };
/* End PBXFileReference section */

/* Begin PBXFrameworksBuildPhase section */
		B159537D1BDF695E0022E149 /* Frameworks */ = {
			isa = PBXFrameworksBuildPhase;
			buildActionMask = 2147483647;
			files = (
			);
			runOnlyForDeploymentPostprocessing = 0;
		};
		B15953961BDF695E0022E149 /* Frameworks */ = {
			isa = PBXFrameworksBuildPhase;
			buildActionMask = 2147483647;
			files = (
			);
			runOnlyForDeploymentPostprocessing = 0;
		};
/* End PBXFrameworksBuildPhase section */

/* Begin PBXGroup section */
		B15953771BDF695E0022E149 = {
			isa = PBXGroup;
			children = (
				B15953821BDF695E0022E149 /* Crazy8 */,
				B159539C1BDF695E0022E149 /* Crazy8Tests */,
				B15953811BDF695E0022E149 /* Products */,
			);
			sourceTree = "<group>";
		};
		B15953811BDF695E0022E149 /* Products */ = {
			isa = PBXGroup;
			children = (
				B15953801BDF695E0022E149 /* Crazy8.app */,
				B15953991BDF695E0022E149 /* Crazy8Tests.xctest */,
			);
			name = Products;
			sourceTree = "<group>";
		};
		B15953821BDF695E0022E149 /* Crazy8 */ = {
			isa = PBXGroup;
			children = (
				B15953871BDF695E0022E149 /* AppDelegate.h */,
				B15953881BDF695E0022E149 /* AppDelegate.m */,
				B159538A1BDF695E0022E149 /* ViewController.h */,
				B159538B1BDF695E0022E149 /* ViewController.m */,
				B159538D1BDF695E0022E149 /* Main.storyboard */,
				B15953901BDF695E0022E149 /* Images.xcassets */,
				B15953921BDF695E0022E149 /* LaunchScreen.xib */,
				B15953831BDF695E0022E149 /* Supporting Files */,
			);
			path = Crazy8;
			sourceTree = "<group>";
		};
		B15953831BDF695E0022E149 /* Supporting Files */ = {
			isa = PBXGroup;
			children = (
				B15953841BDF695E0022E149 /* Info.plist */,
				B15953851BDF695E0022E149 /* main.m */,
			);
			name = "Supporting Files";
			sourceTree = "<group>";
		};
		B159539C1BDF695E0022E149 /* Crazy8Tests */ = {
			isa = PBXGroup;
			children = (
				B159539F1BDF695E0022E149 /* Crazy8Tests.m */,
				B159539D1BDF695E0022E149 /* Supporting Files */,
			);
			path = Crazy8Tests;
			sourceTree = "<group>";
		};
		B159539D1BDF695E0022E149 /* Supporting Files */ = {
			isa = PBXGroup;
			children = (
				B159539E1BDF695E0022E149 /* Info.plist */,
			);
			name = "Supporting Files";
			sourceTree = "<group>";
		};
/* End PBXGroup section */

/* Begin PBXNativeTarget section */
		B159537F1BDF695E0022E149 /* Crazy8 */ = {
			isa = PBXNativeTarget;
			buildConfigurationList = B15953A31BDF695E0022E149 /* Build configuration list for PBXNativeTarget "Crazy8" */;
			buildPhases = (
				B159537C1BDF695E0022E149 /* Sources */,
				B159537D1BDF695E0022E149 /* Frameworks */,
				B159537E1BDF695E0022E149 /* Resources */,
			);
			buildRules = (
			);
			dependencies = (
			);
			name = Crazy8;
			productName = Crazy8;
			productReference = B15953801BDF695E0022E149 /* Crazy8.app */;
			productType = "com.apple.product-type.application";
		};
		B15953981BDF695E0022E149 /* Crazy8Tests */ = {
			isa = PBXNativeTarget;
			buildConfigurationList = B15953A61BDF695E0022E149 /* Build configuration list for PBXNativeTarget "Crazy8Tests" */;
			buildPhases = (
				B15953951BDF695E0022E149 /* Sources */,
				B15953961BDF695E0022E149 /* Frameworks */,
				B15953971BDF695E0022E149 /* Resources */,
			);
			buildRules = (
			);
			dependencies = (
				B159539B1BDF695E0022E149 /* PBXTargetDependency */,
			);
			name = Crazy8Tests;
			productName = Crazy8Tests;
			productReference = B15953991BDF695E0022E149 /* Crazy8Tests.xctest */;
			productType = "com.apple.product-type.bundle.unit-test";
		};
/* End PBXNativeTarget section */

/* Begin PBXProject section */
		B15953781BDF695E0022E149 /* Project object */ = {
			isa = PBXProject;
			attributes = {
				LastUpgradeCheck = 0640;
				ORGANIZATIONNAME = Arron;
				TargetAttributes = {
					B159537F1BDF695E0022E149 = {
						CreatedOnToolsVersion = 6.4;
					};
					B15953981BDF695E0022E149 = {
						CreatedOnToolsVersion = 6.4;
						TestTargetID = B159537F1BDF695E0022E149;
					};
				};
			};
			buildConfigurationList = B159537B1BDF695E0022E149 /* Build configuration list for PBXProject "Crazy8" */;
			compatibilityVersion = "Xcode 3.2";
			developmentRegion = English;
			hasScannedForEncodings = 0;
			knownRegions = (
				en,
				Base,
			);
			mainGroup = B15953771BDF695E0022E149;
			productRefGroup = B15953811BDF695E0022E149 /* Products */;
			projectDirPath = "";
			projectRoot = "";
			targets = (
				B159537F1BDF695E0022E149 /* Crazy8 */,
				B15953981BDF695E0022E149 /* Crazy8Tests */,
			);
		};
/* End PBXProject section */

/* Begin PBXResourcesBuildPhase section */
		B159537E1BDF695E0022E149 /* Resources */ = {
			isa = PBXResourcesBuildPhase;
			buildActionMask = 2147483647;
			files = (
				B159538F1BDF695E0022E149 /* Main.storyboard in Resources */,
				B15953941BDF695E0022E149 /* LaunchScreen.xib in Resources */,
				B15953911BDF695E0022E149 /* Images.xcassets in Resources */,
			);
			runOnlyForDeploymentPostprocessing = 0;
		};
		B15953971BDF695E0022E149 /* Resources */ = {
			isa = PBXResourcesBuildPhase;
			buildActionMask = 2147483647;
			files = (
			);
			runOnlyForDeploymentPostprocessing = 0;
		};
/* End PBXResourcesBuildPhase section */

/* Begin PBXSourcesBuildPhase section */
		B159537C1BDF695E0022E149 /* Sources */ = {
			isa = PBXSourcesBuildPhase;
			buildActionMask = 2147483647;
			files = (
				B159538C1BDF695E0022E149 /* ViewController.m in Sources */,
				B15953891BDF695E0022E149 /* AppDelegate.m in Sources */,
				B15953861BDF695E0022E149 /* main.m in Sources */,
			);
			runOnlyForDeploymentPostprocessing = 0;
		};
		B15953951BDF695E0022E149 /* Sources */ = {
			isa = PBXSourcesBuildPhase;
			buildActionMask = 2147483647;
			files = (
				B15953A01BDF695E0022E149 /* Crazy8Tests.m in Sources */,
			);
			runOnlyForDeploymentPostprocessing = 0;
		};
/* End PBXSourcesBuildPhase section */

/* Begin PBXTargetDependency section */
		B159539B1BDF695E0022E149 /* PBXTargetDependency */ = {
			isa = PBXTargetDependency;
			target = B159537F1BDF695E0022E149 /* Crazy8 */;
			targetProxy = B159539A1BDF695E0022E149 /* PBXContainerItemProxy */;
		};
/* End PBXTargetDependency section */

/* Begin PBXVariantGroup section */
		B159538D1BDF695E0022E149 /* Main.storyboard */ = {
			isa = PBXVariantGroup;
			children = (
				B159538E1BDF695E0022E149 /* Base */,
			);
			name = Main.storyboard;
			sourceTree = "<group>";
		};
		B15953921BDF695E0022E149 /* LaunchScreen.xib */ = {
			isa = PBXVariantGroup;
			children = (
				B15953931BDF695E0022E149 /* Base */,
			);
			name = LaunchScreen.xib;
			sourceTree = "<group>";
		};
/* End PBXVariantGroup section */

/* Begin XCBuildConfiguration section */
		B15953A11BDF695E0022E149 /* Debug */ = {
			isa = XCBuildConfiguration;
			buildSettings = {
				ALWAYS_SEARCH_USER_PATHS = NO;
				CLANG_CXX_LANGUAGE_STANDARD = "gnu++0x";
				CLANG_CXX_LIBRARY = "libc++";
				CLANG_ENABLE_MODULES = YES;
				CLANG_ENABLE_OBJC_ARC = YES;
				CLANG_WARN_BOOL_CONVERSION = YES;
				CLANG_WARN_CONSTANT_CONVERSION = YES;
				CLANG_WARN_DIRECT_OBJC_ISA_USAGE = YES_ERROR;
				CLANG_WARN_EMPTY_BODY = YES;
				CLANG_WARN_ENUM_CONVERSION = YES;
				CLANG_WARN_INT_CONVERSION = YES;
				CLANG_WARN_OBJC_ROOT_CLASS = YES_ERROR;
				CLANG_WARN_UNREACHABLE_CODE = YES;
				CLANG_WARN__DUPLICATE_METHOD_MATCH = YES;
				"CODE_SIGN_IDENTITY[sdk=iphoneos*]" = "iPhone Developer";
				COPY_PHASE_STRIP = NO;
				DEBUG_INFORMATION_FORMAT = "dwarf-with-dsym";
				ENABLE_STRICT_OBJC_MSGSEND = YES;
				GCC_C_LANGUAGE_STANDARD = gnu99;
				GCC_DYNAMIC_NO_PIC = NO;
				GCC_NO_COMMON_BLOCKS = YES;
				GCC_OPTIMIZATION_LEVEL = 0;
				GCC_PREPROCESSOR_DEFINITIONS = (
					"DEBUG=1",
					"$(inherited)",
				);
				GCC_SYMBOLS_PRIVATE_EXTERN = NO;
				GCC_WARN_64_TO_32_BIT_CONVERSION = YES;
				GCC_WARN_ABOUT_RETURN_TYPE = YES_ERROR;
				GCC_WARN_UNDECLARED_SELECTOR = YES;
				GCC_WARN_UNINITIALIZED_AUTOS = YES_AGGRESSIVE;
				GCC_WARN_UNUSED_FUNCTION = YES;
				GCC_WARN_UNUSED_VARIABLE = YES;
				IPHONEOS_DEPLOYMENT_TARGET = 8.4;
				MTL_ENABLE_DEBUG_INFO = YES;
				ONLY_ACTIVE_ARCH = YES;
				SDKROOT = iphoneos;
			};
			name = Debug;
		};
		B15953A21BDF695E0022E149 /* Release */ = {
			isa = XCBuildConfiguration;
			buildSettings = {
				ALWAYS_SEARCH_USER_PATHS = NO;
				CLANG_CXX_LANGUAGE_STANDARD = "gnu++0x";
				CLANG_CXX_LIBRARY = "libc++";
				CLANG_ENABLE_MODULES = YES;
				CLANG_ENABLE_OBJC_ARC = YES;
				CLANG_WARN_BOOL_CONVERSION = YES;
				CLANG_WARN_CONSTANT_CONVERSION = YES;
				CLANG_WARN_DIRECT_OBJC_ISA_USAGE = YES_ERROR;
				CLANG_WARN_EMPTY_BODY = YES;
				CLANG_WARN_ENUM_CONVERSION = YES;
				CLANG_WARN_INT_CONVERSION = YES;
				CLANG_WARN_OBJC_ROOT_CLASS = YES_ERROR;
				CLANG_WARN_UNREACHABLE_CODE = YES;
				CLANG_WARN__DUPLICATE_METHOD_MATCH = YES;
				"CODE_SIGN_IDENTITY[sdk=iphoneos*]" = "iPhone Developer";
				COPY_PHASE_STRIP = NO;
				DEBUG_INFORMATION_FORMAT = "dwarf-with-dsym";
				ENABLE_NS_ASSERTIONS = NO;
				ENABLE_STRICT_OBJC_MSGSEND = YES;
				GCC_C_LANGUAGE_STANDARD = gnu99;
				GCC_NO_COMMON_BLOCKS = YES;
				GCC_WARN_64_TO_32_BIT_CONVERSION = YES;
				GCC_WARN_ABOUT_RETURN_TYPE = YES_ERROR;
				GCC_WARN_UNDECLARED_SELECTOR = YES;
				GCC_WARN_UNINITIALIZED_AUTOS = YES_AGGRESSIVE;
				GCC_WARN_UNUSED_FUNCTION = YES;
				GCC_WARN_UNUSED_VARIABLE = YES;
				IPHONEOS_DEPLOYMENT_TARGET = 8.4;
				MTL_ENABLE_DEBUG_INFO = NO;
				SDKROOT = iphoneos;
				VALIDATE_PRODUCT = YES;
			};
			name = Release;
		};
		B15953A41BDF695E0022E149 /* Debug */ = {
			isa = XCBuildConfiguration;
			buildSettings = {
				ASSETCATALOG_COMPILER_APPICON_NAME = AppIcon;
				INFOPLIST_FILE = Crazy8/Info.plist;
				LD_RUNPATH_SEARCH_PATHS = "$(inherited) @executable_path/Frameworks";
				PRODUCT_NAME = "$(TARGET_NAME)";
			};
			name = Debug;
		};
		B15953A51BDF695E0022E149 /* Release */ = {
			isa = XCBuildConfiguration;
			buildSettings = {
				ASSETCATALOG_COMPILER_APPICON_NAME = AppIcon;
				INFOPLIST_FILE = Crazy8/Info.plist;
				LD_RUNPATH_SEARCH_PATHS = "$(inherited) @executable_path/Frameworks";
				PRODUCT_NAME = "$(TARGET_NAME)";
			};
			name = Release;
		};
		B15953A71BDF695E0022E149 /* Debug */ = {
			isa = XCBuildConfiguration;
			buildSettings = {
				BUNDLE_LOADER = "$(TEST_HOST)";
				FRAMEWORK_SEARCH_PATHS = (
					"$(SDKROOT)/Developer/Library/Frameworks",
					"$(inherited)",
				);
				GCC_PREPROCESSOR_DEFINITIONS = (
					"DEBUG=1",
					"$(inherited)",
				);
				INFOPLIST_FILE = Crazy8Tests/Info.plist;
				LD_RUNPATH_SEARCH_PATHS = "$(inherited) @executable_path/Frameworks @loader_path/Frameworks";
				PRODUCT_NAME = "$(TARGET_NAME)";
				TEST_HOST = "$(BUILT_PRODUCTS_DIR)/Crazy8.app/Crazy8";
			};
			name = Debug;
		};
		B15953A81BDF695E0022E149 /* Release */ = {
			isa = XCBuildConfiguration;
			buildSettings = {
				BUNDLE_LOADER = "$(TEST_HOST)";
				FRAMEWORK_SEARCH_PATHS = (
					"$(SDKROOT)/Developer/Library/Frameworks",
					"$(inherited)",
				);
				INFOPLIST_FILE = Crazy8Tests/Info.plist;
				LD_RUNPATH_SEARCH_PATHS = "$(inherited) @executable_path/Frameworks @loader_path/Frameworks";
				PRODUCT_NAME = "$(TARGET_NAME)";
				TEST_HOST = "$(BUILT_PRODUCTS_DIR)/Crazy8.app/Crazy8";
			};
			name = Release;
		};
/* End XCBuildConfiguration section */

/* Begin XCConfigurationList section */
		B159537B1BDF695E0022E149 /* Build configuration list for PBXProject "Crazy8" */ = {
			isa = XCConfigurationList;
			buildConfigurations = (
				B15953A11BDF695E0022E149 /* Debug */,
				B15953A21BDF695E0022E149 /* Release */,
			);
			defaultConfigurationIsVisible = 0;
			defaultConfigurationName = Release;
		};
		B15953A31BDF695E0022E149 /* Build configuration list for PBXNativeTarget "Crazy8" */ = {
			isa = XCConfigurationList;
			buildConfigurations = (
				B15953A41BDF695E0022E149 /* Debug */,
				B15953A51BDF695E0022E149 /* Release */,
			);
			defaultConfigurationIsVisible = 0;
		};
		B15953A61BDF695E0022E149 /* Build configuration list for PBXNativeTarget "Crazy8Tests" */ = {
			isa = XCConfigurationList;
			buildConfigurations = (
				B15953A71BDF695E0022E149 /* Debug */,
				B15953A81BDF695E0022E149 /* Release */,
			);
			defaultConfigurationIsVisible = 0;
		};
/* End XCConfigurationList section */
	};
	rootObject = B15953781BDF695E0022E149 /* Project object */;
}
